{ "name": "my-awesome-package",
  "version": "1.0.0",
  "lockfileVersion": 1,
  "requires": true,
  "dependencies": {
    "http": "~0.0.0",
    "request": "~2.36.0",
    "express": "~4.4.5",
    "logfmt": "~1.1.2",
    "body-parser": "~1.6.2",
    "serve-favicon": "*",
    "cookie-parser": "~1.0.1",
    "jade": "*"      
  }
}
